
Microsoft Visual Studio Solution File, Format Version 12.00
# Visual Studio Version 17
VisualStudioVersion = 17.9.34728.123
MinimumVisualStudioVersion = 10.0.40219.1
Project("{8BC9CEB8-8B4A-11D0-8D11-00A0C91BC942}") = "Dao_Le_Khang_Uyn_Mock", "Dao_Le_Khang_Uyn_Mock.vcxproj", "{A580C420-5826-443B-A59A-D8E173C94B18}"
EndProject
Global
	GlobalSection(SolutionConfigurationPlatforms) = preSolution
		Debug|x64 = Debug|x64
		Debug|x86 = Debug|x86
		Release|x64 = Release|x64
		Release|x86 = Release|x86
	EndGlobalSection
	GlobalSection(ProjectConfigurationPlatforms) = postSolution
		{A580C420-5826-443B-A59A-D8E173C94B18}.Debug|x64.ActiveCfg = Debug|x64
		{A580C420-5826-443B-A59A-D8E173C94B18}.Debug|x64.Build.0 = Debug|x64
		{A580C420-5826-443B-A59A-D8E173C94B18}.Debug|x86.ActiveCfg = Debug|Win32
		{A580C420-5826-443B-A59A-D8E173C94B18}.Debug|x86.Build.0 = Debug|Win32
		{A580C420-5826-443B-A59A-D8E173C94B18}.Release|x64.ActiveCfg = Release|x64
		{A580C420-5826-443B-A59A-D8E173C94B18}.Release|x64.Build.0 = Release|x64
		{A580C420-5826-443B-A59A-D8E173C94B18}.Release|x86.ActiveCfg = Release|Win32
		{A580C420-5826-443B-A59A-D8E173C94B18}.Release|x86.Build.0 = Release|Win32
	EndGlobalSection
	GlobalSection(SolutionProperties) = preSolution
		HideSolutionNode = FALSE
	EndGlobalSection
	GlobalSection(ExtensibilityGlobals) = postSolution
		SolutionGuid = {B3A9D2EA-58ED-45C9-9AA7-4C696651AD44}
	EndGlobalSection
EndGlobal
